
Microsoft Visual Studio Solution File, Format Version 12.00
# Visual Studio Version 16
VisualStudioVersion = 16.0.29418.71
MinimumVisualStudioVersion = 10.0.40219.1
Project("{FAE04EC0-301F-11D3-BF4B-00C04F79EFBC}") = "ListaTarefas", "ListaTarefas.csproj", "{BABD8295-E14A-4BC6-B4E0-9F705D9BB6E2}"
EndProject
Global
	GlobalSection(SolutionConfigurationPlatforms) = preSolution
		Debug|Any CPU = Debug|Any CPU
		Release|Any CPU = Release|Any CPU
	EndGlobalSection
	GlobalSection(ProjectConfigurationPlatforms) = postSolution
		{BABD8295-E14A-4BC6-B4E0-9F705D9BB6E2}.Debug|Any CPU.ActiveCfg = Debug|Any CPU
		{BABD8295-E14A-4BC6-B4E0-9F705D9BB6E2}.Debug|Any CPU.Build.0 = Debug|Any CPU
		{BABD8295-E14A-4BC6-B4E0-9F705D9BB6E2}.Release|Any CPU.ActiveCfg = Release|Any CPU
		{BABD8295-E14A-4BC6-B4E0-9F705D9BB6E2}.Release|Any CPU.Build.0 = Release|Any CPU
	EndGlobalSection
	GlobalSection(SolutionProperties) = preSolution
		HideSolutionNode = FALSE
	EndGlobalSection
	GlobalSection(ExtensibilityGlobals) = postSolution
		SolutionGuid = {BBAB037B-86A6-473B-BBCA-46EB546960B6}
	EndGlobalSection
EndGlobal
